{
  "requires": true,
  "lockfileVersion": 1,
  "dependencies": {
    "@angular/animations": {
      "version": "13.1.1",
      "resolved": "https://registry.npmjs.org/@angular/animations/-/animations-13.1.1.tgz",
      "integrity": "sha512-6ECC9Dn5gmV4U1cz1pRJ2p5lo0BET2CjG1RbhTaZR8lOsoMsmlV/JdBAp8eyYTiGii3MLS6Q2P/hN/YG2SRGQQ==",
      "requires": {
        "tslib": "^2.3.0"
      }
    },
    "@angular/platform-browser": {
      "version": "13.1.1",
      "resolved": "https://registry.npmjs.org/@angular/platform-browser/-/platform-browser-13.1.1.tgz",
      "integrity": "sha512-jk9MGwnaVc98wmw5dRBicduI/a8dHtUzaAi1dV003fUWldS9a5FBuj/ym7DJubaD5Njl8l79SFbjrP9aAsqM5A==",
      "requires": {
        "tslib": "^2.3.0"
      }
    },
    "angular-animations": {
      "version": "0.11.0",
      "resolved": "https://registry.npmjs.org/angular-animations/-/angular-animations-0.11.0.tgz",
      "integrity": "sha512-P2RuOe+T97bhgGDLtOYK9V45QA5y+kFUxoJfRAua8Ymo0bI5lWyw8oiVmBoEIZUU+nooYoJvQXgVKuZJA7/z3g==",
      "requires": {
        "tslib": "^2.0.0"
      }
    },
    "tslib": {
      "version": "2.3.1",
      "resolved": "https://registry.npmjs.org/tslib/-/tslib-2.3.1.tgz",
      "integrity": "sha512-77EbyPPpMz+FRFRuAFlWMtmgUWGe9UOG2Z25NqCwiIjRhOf5iKGuzSe5P2w1laq+FkRy4p+PCuVkJSGkzTEKVw=="
    }
  }
}
